
Microsoft Visual Studio Solution File, Format Version 12.00
# Visual Studio Version 17
VisualStudioVersion = 17.7.34031.279
MinimumVisualStudioVersion = 10.0.40219.1
Project("{2150E333-8FDC-42A3-9474-1A3956D46DE8}") = "src", "src", "{8011CDDD-0814-4C74-9B74-C3E3365D50CC}"
EndProject
Project("{2150E333-8FDC-42A3-9474-1A3956D46DE8}") = "tests", "tests", "{DFB189FE-F11B-46EA-A5CD-3571CEC8193A}"
EndProject
Project("{9A19103F-16F7-4668-BE54-9A1E7A4F7556}") = "Customers.UnitTests", "tests\Shop.UnitTests\Customers.UnitTests.csproj", "{D957E297-38EA-402F-B603-25F3EC156E18}"
EndProject
Project("{2150E333-8FDC-42A3-9474-1A3956D46DE8}") = "Solution Items", "Solution Items", "{1DAF7B63-F776-4466-908D-56FD1FD02F42}"
	ProjectSection(SolutionItems) = preProject
		.dockerignore = .dockerignore
		.editorconfig = .editorconfig
		.gitattributes = .gitattributes
		.gitignore = .gitignore
		Directory.Build.props = Directory.Build.props
		Directory.Packages.props = Directory.Packages.props
		docker-compose.override.yml = docker-compose.override.yml
		docker-compose.yml = docker-compose.yml
		global.json = global.json
		LICENSE = LICENSE
		nuget.config = nuget.config
		README.md = README.md
		requests.http = requests.http
	EndProjectSection
EndProject
Project("{2150E333-8FDC-42A3-9474-1A3956D46DE8}") = "workflows", "workflows", "{45B3273F-DCE8-48C2-B27A-05AF1343C69C}"
	ProjectSection(SolutionItems) = preProject
		.github\workflows\codeql-analysis.yml = .github\workflows\codeql-analysis.yml
		.github\workflows\delete-workflow-runs.yml = .github\workflows\delete-workflow-runs.yml
		.github\workflows\devskim-analysis.yml = .github\workflows\devskim-analysis.yml
		.github\workflows\dotnet.yml = .github\workflows\dotnet.yml
		.github\workflows\sonar-cloud.yml = .github\workflows\sonar-cloud.yml
	EndProjectSection
EndProject
Project("{9A19103F-16F7-4668-BE54-9A1E7A4F7556}") = "Customers.IntegrationTests", "tests\Shop.IntegrationTests\Customers.IntegrationTests.csproj", "{7BA06288-8446-4099-9341-D213A835763C}"
EndProject
Project("{2150E333-8FDC-42A3-9474-1A3956D46DE8}") = "Presentation", "Presentation", "{691795FC-1A5E-4144-9730-F61D0F701EBA}"
EndProject
Project("{2150E333-8FDC-42A3-9474-1A3956D46DE8}") = "Infrastructure", "Infrastructure", "{BF75AAA0-1EDD-47F1-A38C-69128AB9927B}"
EndProject
Project("{2150E333-8FDC-42A3-9474-1A3956D46DE8}") = "Core", "Core", "{9371D508-9FCA-4AED-ABCF-AF9457E743AC}"
EndProject
Project("{E53339B2-1760-4266-BCC7-CA923CBCF16C}") = "docker-compose", "docker-compose.dcproj", "{24EF58F6-CBF8-4910-A17C-E8DE7ED96A87}"
EndProject
Project("{9A19103F-16F7-4668-BE54-9A1E7A4F7556}") = "Customers.Core", "src\Customers.Core\Customers.Core.csproj", "{073E6552-813B-4EEA-B2C9-7026BCAFC89B}"
EndProject
Project("{9A19103F-16F7-4668-BE54-9A1E7A4F7556}") = "Customers.Domain", "src\Customers.Domain\Customers.Domain.csproj", "{5F314CAD-6F86-4CBA-AA58-581656C0324B}"
EndProject
Project("{9A19103F-16F7-4668-BE54-9A1E7A4F7556}") = "Customers.Infrastructure", "src\Customers.Infrastructure\Customers.Infrastructure.csproj", "{BA1B40C4-7F1D-4545-B2D1-984BC65753BE}"
EndProject
Project("{9A19103F-16F7-4668-BE54-9A1E7A4F7556}") = "Customers.Query", "src\Customers.Query\Customers.Query.csproj", "{570BB333-A26E-4A2C-AA0F-1980CCC62432}"
EndProject
Project("{9A19103F-16F7-4668-BE54-9A1E7A4F7556}") = "Customers.PublicApi", "src\Customers.PublicApi\Customers.PublicApi.csproj", "{5C0BF3A6-62C4-4ABA-8E06-7F648E9C8A0F}"
EndProject
Project("{9A19103F-16F7-4668-BE54-9A1E7A4F7556}") = "Customers.Application", "src\Customers.Application\Customers.Application.csproj", "{F26540D2-4965-4E64-9F0C-A6FA6E034664}"
EndProject
Global
	GlobalSection(SolutionConfigurationPlatforms) = preSolution
		Debug|Any CPU = Debug|Any CPU
		Release|Any CPU = Release|Any CPU
	EndGlobalSection
	GlobalSection(ProjectConfigurationPlatforms) = postSolution
		{D957E297-38EA-402F-B603-25F3EC156E18}.Debug|Any CPU.ActiveCfg = Debug|Any CPU
		{D957E297-38EA-402F-B603-25F3EC156E18}.Debug|Any CPU.Build.0 = Debug|Any CPU
		{D957E297-38EA-402F-B603-25F3EC156E18}.Release|Any CPU.ActiveCfg = Release|Any CPU
		{D957E297-38EA-402F-B603-25F3EC156E18}.Release|Any CPU.Build.0 = Release|Any CPU
		{7BA06288-8446-4099-9341-D213A835763C}.Debug|Any CPU.ActiveCfg = Debug|Any CPU
		{7BA06288-8446-4099-9341-D213A835763C}.Debug|Any CPU.Build.0 = Debug|Any CPU
		{7BA06288-8446-4099-9341-D213A835763C}.Release|Any CPU.ActiveCfg = Release|Any CPU
		{7BA06288-8446-4099-9341-D213A835763C}.Release|Any CPU.Build.0 = Release|Any CPU
		{24EF58F6-CBF8-4910-A17C-E8DE7ED96A87}.Debug|Any CPU.ActiveCfg = Debug|Any CPU
		{24EF58F6-CBF8-4910-A17C-E8DE7ED96A87}.Debug|Any CPU.Build.0 = Debug|Any CPU
		{24EF58F6-CBF8-4910-A17C-E8DE7ED96A87}.Release|Any CPU.ActiveCfg = Release|Any CPU
		{24EF58F6-CBF8-4910-A17C-E8DE7ED96A87}.Release|Any CPU.Build.0 = Release|Any CPU
		{073E6552-813B-4EEA-B2C9-7026BCAFC89B}.Debug|Any CPU.ActiveCfg = Debug|Any CPU
		{073E6552-813B-4EEA-B2C9-7026BCAFC89B}.Debug|Any CPU.Build.0 = Debug|Any CPU
		{073E6552-813B-4EEA-B2C9-7026BCAFC89B}.Release|Any CPU.ActiveCfg = Release|Any CPU
		{073E6552-813B-4EEA-B2C9-7026BCAFC89B}.Release|Any CPU.Build.0 = Release|Any CPU
		{5F314CAD-6F86-4CBA-AA58-581656C0324B}.Debug|Any CPU.ActiveCfg = Debug|Any CPU
		{5F314CAD-6F86-4CBA-AA58-581656C0324B}.Debug|Any CPU.Build.0 = Debug|Any CPU
		{5F314CAD-6F86-4CBA-AA58-581656C0324B}.Release|Any CPU.ActiveCfg = Release|Any CPU
		{5F314CAD-6F86-4CBA-AA58-581656C0324B}.Release|Any CPU.Build.0 = Release|Any CPU
		{BA1B40C4-7F1D-4545-B2D1-984BC65753BE}.Debug|Any CPU.ActiveCfg = Debug|Any CPU
		{BA1B40C4-7F1D-4545-B2D1-984BC65753BE}.Debug|Any CPU.Build.0 = Debug|Any CPU
		{BA1B40C4-7F1D-4545-B2D1-984BC65753BE}.Release|Any CPU.ActiveCfg = Release|Any CPU
		{BA1B40C4-7F1D-4545-B2D1-984BC65753BE}.Release|Any CPU.Build.0 = Release|Any CPU
		{570BB333-A26E-4A2C-AA0F-1980CCC62432}.Debug|Any CPU.ActiveCfg = Debug|Any CPU
		{570BB333-A26E-4A2C-AA0F-1980CCC62432}.Debug|Any CPU.Build.0 = Debug|Any CPU
		{570BB333-A26E-4A2C-AA0F-1980CCC62432}.Release|Any CPU.ActiveCfg = Release|Any CPU
		{570BB333-A26E-4A2C-AA0F-1980CCC62432}.Release|Any CPU.Build.0 = Release|Any CPU
		{5C0BF3A6-62C4-4ABA-8E06-7F648E9C8A0F}.Debug|Any CPU.ActiveCfg = Debug|Any CPU
		{5C0BF3A6-62C4-4ABA-8E06-7F648E9C8A0F}.Debug|Any CPU.Build.0 = Debug|Any CPU
		{5C0BF3A6-62C4-4ABA-8E06-7F648E9C8A0F}.Release|Any CPU.ActiveCfg = Release|Any CPU
		{5C0BF3A6-62C4-4ABA-8E06-7F648E9C8A0F}.Release|Any CPU.Build.0 = Release|Any CPU
		{F26540D2-4965-4E64-9F0C-A6FA6E034664}.Debug|Any CPU.ActiveCfg = Debug|Any CPU
		{F26540D2-4965-4E64-9F0C-A6FA6E034664}.Debug|Any CPU.Build.0 = Debug|Any CPU
		{F26540D2-4965-4E64-9F0C-A6FA6E034664}.Release|Any CPU.ActiveCfg = Release|Any CPU
		{F26540D2-4965-4E64-9F0C-A6FA6E034664}.Release|Any CPU.Build.0 = Release|Any CPU
	EndGlobalSection
	GlobalSection(SolutionProperties) = preSolution
		HideSolutionNode = FALSE
	EndGlobalSection
	GlobalSection(NestedProjects) = preSolution
		{D957E297-38EA-402F-B603-25F3EC156E18} = {DFB189FE-F11B-46EA-A5CD-3571CEC8193A}
		{45B3273F-DCE8-48C2-B27A-05AF1343C69C} = {1DAF7B63-F776-4466-908D-56FD1FD02F42}
		{7BA06288-8446-4099-9341-D213A835763C} = {DFB189FE-F11B-46EA-A5CD-3571CEC8193A}
		{691795FC-1A5E-4144-9730-F61D0F701EBA} = {8011CDDD-0814-4C74-9B74-C3E3365D50CC}
		{BF75AAA0-1EDD-47F1-A38C-69128AB9927B} = {8011CDDD-0814-4C74-9B74-C3E3365D50CC}
		{9371D508-9FCA-4AED-ABCF-AF9457E743AC} = {8011CDDD-0814-4C74-9B74-C3E3365D50CC}
		{073E6552-813B-4EEA-B2C9-7026BCAFC89B} = {9371D508-9FCA-4AED-ABCF-AF9457E743AC}
		{5F314CAD-6F86-4CBA-AA58-581656C0324B} = {9371D508-9FCA-4AED-ABCF-AF9457E743AC}
		{BA1B40C4-7F1D-4545-B2D1-984BC65753BE} = {BF75AAA0-1EDD-47F1-A38C-69128AB9927B}
		{570BB333-A26E-4A2C-AA0F-1980CCC62432} = {BF75AAA0-1EDD-47F1-A38C-69128AB9927B}
		{5C0BF3A6-62C4-4ABA-8E06-7F648E9C8A0F} = {691795FC-1A5E-4144-9730-F61D0F701EBA}
		{F26540D2-4965-4E64-9F0C-A6FA6E034664} = {9371D508-9FCA-4AED-ABCF-AF9457E743AC}
	EndGlobalSection
	GlobalSection(ExtensibilityGlobals) = postSolution
		SolutionGuid = {D3430C31-E885-4BC5-97D3-B2FF8E8F28B7}
	EndGlobalSection
EndGlobal
